#
# This file is autogenerated by pip-compile with Python 3.12
# by the following command:
#
#    pip-compile --output-file=requirements.lock --strip-extras requirements.txt
#
contourpy==1.3.2
    # via matplotlib
cycler==0.12.1
    # via matplotlib
fonttools==4.57.0
    # via matplotlib
kiwisolver==1.4.8
    # via matplotlib
matplotlib==3.10.1
    # via vtk
numpy==2.2.5
    # via
    #   -r requirements.txt
    #   contourpy
    #   matplotlib
    #   vedo
packaging==25.0
    # via matplotlib
pillow==11.2.1
    # via matplotlib
pygments==2.19.1
    # via vedo
pyparsing==3.2.3
    # via matplotlib
python-dateutil==2.9.0.post0
    # via matplotlib
six==1.17.0
    # via python-dateutil
typing-extensions==4.13.2
    # via vedo
vedo==2025.5.3
    # via -r requirements.txt
vtk==9.4.2
    # via vedo
